
Microsoft Visual Studio Solution File, Format Version 12.00
# Visual Studio Version 16
VisualStudioVersion = 16.0.32407.337
MinimumVisualStudioVersion = 10.0.40219.1
Project("{FAE04EC0-301F-11D3-BF4B-00C04F79EFBC}") = "Mori", "Mori\Mori.csproj", "{CF51B175-700D-4EFD-8E1D-2374C152033F}"
EndProject
Global
	GlobalSection(SolutionConfigurationPlatforms) = preSolution
		Debug|Any CPU = Debug|Any CPU
		Release|Any CPU = Release|Any CPU
	EndGlobalSection
	GlobalSection(ProjectConfigurationPlatforms) = postSolution
		{CF51B175-700D-4EFD-8E1D-2374C152033F}.Debug|Any CPU.ActiveCfg = Debug|Any CPU
		{CF51B175-700D-4EFD-8E1D-2374C152033F}.Debug|Any CPU.Build.0 = Debug|Any CPU
		{CF51B175-700D-4EFD-8E1D-2374C152033F}.Release|Any CPU.ActiveCfg = Release|Any CPU
		{CF51B175-700D-4EFD-8E1D-2374C152033F}.Release|Any CPU.Build.0 = Release|Any CPU
	EndGlobalSection
	GlobalSection(SolutionProperties) = preSolution
		HideSolutionNode = FALSE
	EndGlobalSection
	GlobalSection(ExtensibilityGlobals) = postSolution
		SolutionGuid = {D3FE854E-6BBE-4357-B7F3-5CF98DEBCDB4}
	EndGlobalSection
EndGlobal
